
Microsoft Visual Studio Solution File, Format Version 12.00
# Visual Studio Version 17
VisualStudioVersion = 17.0.32014.148
MinimumVisualStudioVersion = 10.0.40219.1
Project("{FAE04EC0-301F-11D3-BF4B-00C04F79EFBC}") = "ponavljanje2.3", "ponavljanje2.3\ponavljanje2.3.csproj", "{BE09DCCC-83B8-49B4-B739-68A71718D03A}"
EndProject
Global
	GlobalSection(SolutionConfigurationPlatforms) = preSolution
		Debug|Any CPU = Debug|Any CPU
		Release|Any CPU = Release|Any CPU
	EndGlobalSection
	GlobalSection(ProjectConfigurationPlatforms) = postSolution
		{BE09DCCC-83B8-49B4-B739-68A71718D03A}.Debug|Any CPU.ActiveCfg = Debug|Any CPU
		{BE09DCCC-83B8-49B4-B739-68A71718D03A}.Debug|Any CPU.Build.0 = Debug|Any CPU
		{BE09DCCC-83B8-49B4-B739-68A71718D03A}.Release|Any CPU.ActiveCfg = Release|Any CPU
		{BE09DCCC-83B8-49B4-B739-68A71718D03A}.Release|Any CPU.Build.0 = Release|Any CPU
	EndGlobalSection
	GlobalSection(SolutionProperties) = preSolution
		HideSolutionNode = FALSE
	EndGlobalSection
	GlobalSection(ExtensibilityGlobals) = postSolution
		SolutionGuid = {0DC20062-BD9D-459E-89D5-FD5B017309BE}
	EndGlobalSection
EndGlobal
